
Microsoft Visual Studio Solution File, Format Version 12.00
# Visual Studio Version 17
VisualStudioVersion = 17.3.32901.215
MinimumVisualStudioVersion = 10.0.40219.1
Project("{FAE04EC0-301F-11D3-BF4B-00C04F79EFBC}") = "NotificationLibrary", "NotificationLibrary\NotificationLibrary.csproj", "{CC7BB039-EE6A-44D5-8C60-82ADBAEF4D89}"
EndProject
Project("{FAE04EC0-301F-11D3-BF4B-00C04F79EFBC}") = "Demo", "Demo\Demo.csproj", "{D7205334-6E82-49BD-BB6B-3DA3541EB093}"
EndProject
Global
	GlobalSection(SolutionConfigurationPlatforms) = preSolution
		Debug|Any CPU = Debug|Any CPU
		Release|Any CPU = Release|Any CPU
	EndGlobalSection
	GlobalSection(ProjectConfigurationPlatforms) = postSolution
		{CC7BB039-EE6A-44D5-8C60-82ADBAEF4D89}.Debug|Any CPU.ActiveCfg = Debug|Any CPU
		{CC7BB039-EE6A-44D5-8C60-82ADBAEF4D89}.Debug|Any CPU.Build.0 = Debug|Any CPU
		{CC7BB039-EE6A-44D5-8C60-82ADBAEF4D89}.Release|Any CPU.ActiveCfg = Release|Any CPU
		{CC7BB039-EE6A-44D5-8C60-82ADBAEF4D89}.Release|Any CPU.Build.0 = Release|Any CPU
		{D7205334-6E82-49BD-BB6B-3DA3541EB093}.Debug|Any CPU.ActiveCfg = Debug|Any CPU
		{D7205334-6E82-49BD-BB6B-3DA3541EB093}.Debug|Any CPU.Build.0 = Debug|Any CPU
		{D7205334-6E82-49BD-BB6B-3DA3541EB093}.Release|Any CPU.ActiveCfg = Release|Any CPU
		{D7205334-6E82-49BD-BB6B-3DA3541EB093}.Release|Any CPU.Build.0 = Release|Any CPU
	EndGlobalSection
	GlobalSection(SolutionProperties) = preSolution
		HideSolutionNode = FALSE
	EndGlobalSection
	GlobalSection(ExtensibilityGlobals) = postSolution
		SolutionGuid = {BEA9EAB0-6C08-412C-A928-5C34203B6A25}
	EndGlobalSection
EndGlobal
